// !$*UTF8*$!
{
	archiveVersion = 1;
	classes = {
	};
	objectVersion = 46;
	objects = {

/* Begin PBXBuildFile section */
		9F6DEB2D1D992EBD00F6B349 /* AppDelegate.swift in Sources */ = {isa = PBXBuildFile; fileRef = 9F6DEB2C1D992EBD00F6B349 /* AppDelegate.swift */; };
		9F6DEB2F1D992EBD00F6B349 /* ViewController.swift in Sources */ = {isa = PBXBuildFile; fileRef = 9F6DEB2E1D992EBD00F6B349 /* ViewController.swift */; };
		9F6DEB321D992EBD00F6B349 /* Main.storyboard in Resources */ = {isa = PBXBuildFile; fileRef = 9F6DEB301D992EBD00F6B349 /* Main.storyboard */; };
		9F6DEB341D992EBD00F6B349 /* Assets.xcassets in Resources */ = {isa = PBXBuildFile; fileRef = 9F6DEB331D992EBD00F6B349 /* Assets.xcassets */; };
		9F6DEB371D992EBD00F6B349 /* LaunchScreen.storyboard in Resources */ = {isa = PBXBuildFile; fileRef = 9F6DEB351D992EBD00F6B349 /* LaunchScreen.storyboard */; };
/* End PBXBuildFile section */

/* Begin PBXFileReference section */
		9F6DEB291D992EBD00F6B349 /* Timeverse.app */ = {isa = PBXFileReference; explicitFileType = wrapper.application; includeInIndex = 0; path = Timeverse.app; sourceTree = BUILT_PRODUCTS_DIR; };
		9F6DEB2C1D992EBD00F6B349 /* AppDelegate.swift */ = {isa = PBXFileReference; lastKnownFileType = sourcecode.swift; path = AppDelegate.swift; sourceTree = "<group>"; };
		9F6DEB2E1D992EBD00F6B349 /* ViewController.swift */ = {isa = PBXFileReference; lastKnownFileType = sourcecode.swift; path = ViewController.swift; sourceTree = "<group>"; };
		9F6DEB311D992EBD00F6B349 /* Base */ = {isa = PBXFileReference; lastKnownFileType = file.storyboard; name = Base; path = Base.lproj/Main.storyboard; sourceTree = "<group>"; };
		9F6DEB331D992EBD00F6B349 /* Assets.xcassets */ = {isa = PBXFileReference; lastKnownFileType = folder.assetcatalog; path = Assets.xcassets; sourceTree = "<group>"; };
		9F6DEB361D992EBD00F6B349 /* Base */ = {isa = PBXFileReference; lastKnownFileType = file.storyboard; name = Base; path = Base.lproj/LaunchScreen.storyboard; sourceTree = "<group>"; };
		9F6DEB381D992EBD00F6B349 /* Info.plist */ = {isa = PBXFileReference; lastKnownFileType = text.plist.xml; path = Info.plist; sourceTree = "<group>"; };
/* End PBXFileReference section */

/* Begin PBXFrameworksBuildPhase section */
		9F6DEB261D992EBD00F6B349 /* Frameworks */ = {
			isa = PBXFrameworksBuildPhase;
			buildActionMask = 2147483647;
			files = (
			);
			runOnlyForDeploymentPostprocessing = 0;
		};
/* End PBXFrameworksBuildPhase section */

/* Begin PBXGroup section */
		9F6DEB201D992EBD00F6B349 = {
			isa = PBXGroup;
			children = (
				9F6DEB2B1D992EBD00F6B349 /* Timeverse */,
				9F6DEB2A1D992EBD00F6B349 /* Products */,
			);
			sourceTree = "<group>";
		};
		9F6DEB2A1D992EBD00F6B349 /* Products */ = {
			isa = PBXGroup;
			children = (
				9F6DEB291D992EBD00F6B349 /* Timeverse.app */,
			);
			name = Products;
			sourceTree = "<group>";
		};
		9F6DEB2B1D992EBD00F6B349 /* Timeverse */ = {
			isa = PBXGroup;
			children = (
				9F6DEB2C1D992EBD00F6B349 /* AppDelegate.swift */,
				9F6DEB2E1D992EBD00F6B349 /* ViewController.swift */,
				9F6DEB301D992EBD00F6B349 /* Main.storyboard */,
				9F6DEB331D992EBD00F6B349 /* Assets.xcassets */,
				9F6DEB351D992EBD00F6B349 /* LaunchScreen.storyboard */,
				9F6DEB381D992EBD00F6B349 /* Info.plist */,
			);
			path = Timeverse;
			sourceTree = "<group>";
		};
/* End PBXGroup section */

/* Begin PBXNativeTarget section */
		9F6DEB281D992EBD00F6B349 /* Timeverse */ = {
			isa = PBXNativeTarget;
			buildConfigurationList = 9F6DEB3B1D992EBD00F6B349 /* Build configuration list for PBXNativeTarget "Timeverse" */;
			buildPhases = (
				9F6DEB251D992EBD00F6B349 /* Sources */,
				9F6DEB261D992EBD00F6B349 /* Frameworks */,
				9F6DEB271D992EBD00F6B349 /* Resources */,
			);
			buildRules = (
			);
			dependencies = (
			);
			name = Timeverse;
			productName = Timeverse;
			productReference = 9F6DEB291D992EBD00F6B349 /* Timeverse.app */;
			productType = "com.apple.product-type.application";
		};
/* End PBXNativeTarget section */

/* Begin PBXProject section */
		9F6DEB211D992EBD00F6B349 /* Project object */ = {
			isa = PBXProject;
			attributes = {
				LastSwiftUpdateCheck = 0800;
				LastUpgradeCheck = 0800;
				ORGANIZATIONNAME = "Mohamed Ted Meftah";
				TargetAttributes = {
					9F6DEB281D992EBD00F6B349 = {
						CreatedOnToolsVersion = 8.0;
						ProvisioningStyle = Automatic;
					};
				};
			};
			buildConfigurationList = 9F6DEB241D992EBD00F6B349 /* Build configuration list for PBXProject "Timeverse" */;
			compatibilityVersion = "Xcode 3.2";
			developmentRegion = English;
			hasScannedForEncodings = 0;
			knownRegions = (
				en,
				Base,
			);
			mainGroup = 9F6DEB201D992EBD00F6B349;
			productRefGroup = 9F6DEB2A1D992EBD00F6B349 /* Products */;
			projectDirPath = "";
			projectRoot = "";
			targets = (
				9F6DEB281D992EBD00F6B349 /* Timeverse */,
			);
		};
/* End PBXProject section */

/* Begin PBXResourcesBuildPhase section */
		9F6DEB271D992EBD00F6B349 /* Resources */ = {
			isa = PBXResourcesBuildPhase;
			buildActionMask = 2147483647;
			files = (
				9F6DEB371D992EBD00F6B349 /* LaunchScreen.storyboard in Resources */,
				9F6DEB341D992EBD00F6B349 /* Assets.xcassets in Resources */,
				9F6DEB321D992EBD00F6B349 /* Main.storyboard in Resources */,
			);
			runOnlyForDeploymentPostprocessing = 0;
		};
/* End PBXResourcesBuildPhase section */

/* Begin PBXSourcesBuildPhase section */
		9F6DEB251D992EBD00F6B349 /* Sources */ = {
			isa = PBXSourcesBuildPhase;
			buildActionMask = 2147483647;
			files = (
				9F6DEB2F1D992EBD00F6B349 /* ViewController.swift in Sources */,
				9F6DEB2D1D992EBD00F6B349 /* AppDelegate.swift in Sources */,
			);
			runOnlyForDeploymentPostprocessing = 0;
		};
/* End PBXSourcesBuildPhase section */

/* Begin PBXVariantGroup section */
		9F6DEB301D992EBD00F6B349 /* Main.storyboard */ = {
			isa = PBXVariantGroup;
			children = (
				9F6DEB311D992EBD00F6B349 /* Base */,
			);
			name = Main.storyboard;
			sourceTree = "<group>";
		};
		9F6DEB351D992EBD00F6B349 /* LaunchScreen.storyboard */ = {
			isa = PBXVariantGroup;
			children = (
				9F6DEB361D992EBD00F6B349 /* Base */,
			);
			name = LaunchScreen.storyboard;
			sourceTree = "<group>";
		};
/* End PBXVariantGroup section */

/* Begin XCBuildConfiguration section */
		9F6DEB391D992EBD00F6B349 /* Debug */ = {
			isa = XCBuildConfiguration;
			buildSettings = {
				ALWAYS_SEARCH_USER_PATHS = NO;
				CLANG_ANALYZER_NONNULL = YES;
				CLANG_CXX_LANGUAGE_STANDARD = "gnu++0x";
				CLANG_CXX_LIBRARY = "libc++";
				CLANG_ENABLE_MODULES = YES;
				CLANG_ENABLE_OBJC_ARC = YES;
				CLANG_WARN_BOOL_CONVERSION = YES;
				CLANG_WARN_CONSTANT_CONVERSION = YES;
				CLANG_WARN_DIRECT_OBJC_ISA_USAGE = YES_ERROR;
				CLANG_WARN_DOCUMENTATION_COMMENTS = YES;
				CLANG_WARN_EMPTY_BODY = YES;
				CLANG_WARN_ENUM_CONVERSION = YES;
				CLANG_WARN_INFINITE_RECURSION = YES;
				CLANG_WARN_INT_CONVERSION = YES;
				CLANG_WARN_OBJC_ROOT_CLASS = YES_ERROR;
				CLANG_WARN_SUSPICIOUS_MOVES = YES;
				CLANG_WARN_UNREACHABLE_CODE = YES;
				CLANG_WARN__DUPLICATE_METHOD_MATCH = YES;
				"CODE_SIGN_IDENTITY[sdk=iphoneos*]" = "iPhone Developer";
				COPY_PHASE_STRIP = NO;
				DEBUG_INFORMATION_FORMAT = dwarf;
				ENABLE_STRICT_OBJC_MSGSEND = YES;
				ENABLE_TESTABILITY = YES;
				GCC_C_LANGUAGE_STANDARD = gnu99;
				GCC_DYNAMIC_NO_PIC = NO;
				GCC_NO_COMMON_BLOCKS = YES;
				GCC_OPTIMIZATION_LEVEL = 0;
				GCC_PREPROCESSOR_DEFINITIONS = (
					"DEBUG=1",
					"$(inherited)",
				);
				GCC_WARN_64_TO_32_BIT_CONVERSION = YES;
				GCC_WARN_ABOUT_RETURN_TYPE = YES_ERROR;
				GCC_WARN_UNDECLARED_SELECTOR = YES;
				GCC_WARN_UNINITIALIZED_AUTOS = YES_AGGRESSIVE;
				GCC_WARN_UNUSED_FUNCTION = YES;
				GCC_WARN_UNUSED_VARIABLE = YES;
				IPHONEOS_DEPLOYMENT_TARGET = 10.0;
				MTL_ENABLE_DEBUG_INFO = YES;
				ONLY_ACTIVE_ARCH = YES;
				SDKROOT = iphoneos;
				SWIFT_ACTIVE_COMPILATION_CONDITIONS = DEBUG;
				SWIFT_OPTIMIZATION_LEVEL = "-Onone";
				TARGETED_DEVICE_FAMILY = "1,2";
			};
			name = Debug;
		};
		9F6DEB3A1D992EBD00F6B349 /* Release */ = {
			isa = XCBuildConfiguration;
			buildSettings = {
				ALWAYS_SEARCH_USER_PATHS = NO;
				CLANG_ANALYZER_NONNULL = YES;
				CLANG_CXX_LANGUAGE_STANDARD = "gnu++0x";
				CLANG_CXX_LIBRARY = "libc++";
				CLANG_ENABLE_MODULES = YES;
				CLANG_ENABLE_OBJC_ARC = YES;
				CLANG_WARN_BOOL_CONVERSION = YES;
				CLANG_WARN_CONSTANT_CONVERSION = YES;
				CLANG_WARN_DIRECT_OBJC_ISA_USAGE = YES_ERROR;
				CLANG_WARN_DOCUMENTATION_COMMENTS = YES;
				CLANG_WARN_EMPTY_BODY = YES;
				CLANG_WARN_ENUM_CONVERSION = YES;
				CLANG_WARN_INFINITE_RECURSION = YES;
				CLANG_WARN_INT_CONVERSION = YES;
				CLANG_WARN_OBJC_ROOT_CLASS = YES_ERROR;
				CLANG_WARN_SUSPICIOUS_MOVES = YES;
				CLANG_WARN_UNREACHABLE_CODE = YES;
				CLANG_WARN__DUPLICATE_METHOD_MATCH = YES;
				"CODE_SIGN_IDENTITY[sdk=iphoneos*]" = "iPhone Developer";
				COPY_PHASE_STRIP = NO;
				DEBUG_INFORMATION_FORMAT = "dwarf-with-dsym";
				ENABLE_NS_ASSERTIONS = NO;
				ENABLE_STRICT_OBJC_MSGSEND = YES;
				GCC_C_LANGUAGE_STANDARD = gnu99;
				GCC_NO_COMMON_BLOCKS = YES;
				GCC_WARN_64_TO_32_BIT_CONVERSION = YES;
				GCC_WARN_ABOUT_RETURN_TYPE = YES_ERROR;
				GCC_WARN_UNDECLARED_SELECTOR = YES;
				GCC_WARN_UNINITIALIZED_AUTOS = YES_AGGRESSIVE;
				GCC_WARN_UNUSED_FUNCTION = YES;
				GCC_WARN_UNUSED_VARIABLE = YES;
				IPHONEOS_DEPLOYMENT_TARGET = 10.0;
				MTL_ENABLE_DEBUG_INFO = NO;
				SDKROOT = iphoneos;
				SWIFT_OPTIMIZATION_LEVEL = "-Owholemodule";
				TARGETED_DEVICE_FAMILY = "1,2";
				VALIDATE_PRODUCT = YES;
			};
			name = Release;
		};
		9F6DEB3C1D992EBD00F6B349 /* Debug */ = {
			isa = XCBuildConfiguration;
			buildSettings = {
				ASSETCATALOG_COMPILER_APPICON_NAME = AppIcon;
				INFOPLIST_FILE = Timeverse/Info.plist;
				LD_RUNPATH_SEARCH_PATHS = "$(inherited) @executable_path/Frameworks";
				PRODUCT_BUNDLE_IDENTIFIER = "me.mohamed-ted.Timeverse";
				PRODUCT_NAME = "$(TARGET_NAME)";
				SWIFT_VERSION = 3.0;
			};
			name = Debug;
		};
		9F6DEB3D1D992EBD00F6B349 /* Release */ = {
			isa = XCBuildConfiguration;
			buildSettings = {
				ASSETCATALOG_COMPILER_APPICON_NAME = AppIcon;
				INFOPLIST_FILE = Timeverse/Info.plist;
				LD_RUNPATH_SEARCH_PATHS = "$(inherited) @executable_path/Frameworks";
				PRODUCT_BUNDLE_IDENTIFIER = "me.mohamed-ted.Timeverse";
				PRODUCT_NAME = "$(TARGET_NAME)";
				SWIFT_VERSION = 3.0;
			};
			name = Release;
		};
/* End XCBuildConfiguration section */

/* Begin XCConfigurationList section */
		9F6DEB241D992EBD00F6B349 /* Build configuration list for PBXProject "Timeverse" */ = {
			isa = XCConfigurationList;
			buildConfigurations = (
				9F6DEB391D992EBD00F6B349 /* Debug */,
				9F6DEB3A1D992EBD00F6B349 /* Release */,
			);
			defaultConfigurationIsVisible = 0;
			defaultConfigurationName = Release;
		};
		9F6DEB3B1D992EBD00F6B349 /* Build configuration list for PBXNativeTarget "Timeverse" */ = {
			isa = XCConfigurationList;
			buildConfigurations = (
				9F6DEB3C1D992EBD00F6B349 /* Debug */,
				9F6DEB3D1D992EBD00F6B349 /* Release */,
			);
			defaultConfigurationIsVisible = 0;
		};
/* End XCConfigurationList section */
	};
	rootObject = 9F6DEB211D992EBD00F6B349 /* Project object */;
}
